# THIS IS AN AUTOGENERATED FILE. DO NOT EDIT THIS FILE DIRECTLY.
# yarn lockfile v1


"@babel/helper-plugin-utils@^7.0.0":
  version "7.0.0"
  resolved "https://registry.yarnpkg.com/@babel/helper-plugin-utils/-/helper-plugin-utils-7.0.0.tgz#bbb3fbee98661c569034237cc03967ba99b4f250"
  integrity sha512-CYAOUCARwExnEixLdB6sDm2dIJ/YgEAKDM1MOeMeZu9Ld/bDgVo8aiWrXwcY7OBh+1Ea2uUcVRcxKk0GJvW7QA==

"@babel/plugin-syntax-dynamic-import@^7.7.4":
  version "7.7.4"
  resolved "https://registry.yarnpkg.com/@babel/plugin-syntax-dynamic-import/-/plugin-syntax-dynamic-import-7.7.4.tgz#29ca3b4415abfe4a5ec381e903862ad1a54c3aec"
  integrity sha512-jHQW0vbRGvwQNgyVxwDh4yuXu4bH1f5/EICJLAhl1SblLs2CDhrsmCk+v5XLdE9wxtAFRyxx+P//Iw+a5L/tTg==
  dependencies:
    "@babel/helper-plugin-utils" "^7.0.0"
